<?xml version="1.0" encoding="utf-8"?>
<Project ToolsVersion="4.0" xmlns="http://schemas.microsoft.com/developer/msbuild/2003">
  <ItemGroup>
    <Filter Include="Game Files">
      <UniqueIdentifier>{78f42027-c3e5-4ba6-a5f6-a355bce5032b}</UniqueIdentifier>
    </Filter>
    <Filter Include="Engine Files">
      <UniqueIdentifier>{4FC737F1-C7A5-4376-A066-2A32D752A2FF}</UniqueIdentifier>
      <Extensions>cpp;c;cc;cxx;def;odl;idl;hpj;bat;asm;asmx</Extensions>
    </Filter>
    <Filter Include="Engine Files\Input">
      <UniqueIdentifier>{2e170fe4-c2e6-4553-9ebd-69084c6d4799}</UniqueIdentifier>
    </Filter>
    <Filter Include="Engine Files\Rendering">
      <UniqueIdentifier>{ddb74285-784f-4033-8a97-a46110649440}</UniqueIdentifier>
    </Filter>
    <Filter Include="Engine Files\Scene">
      <UniqueIdentifier>{c4a3f1ab-4ee3-4f11-9d8c-43f205cc3b40}</UniqueIdentifier>
    </Filter>
    <Filter Include="Other Files">
      <UniqueIdentifier>{93995380-89BD-4b04-88EB-625FBE52EBFB}</UniqueIdentifier>
      <Extensions>h;hh;hpp;hxx;hm;inl;inc;xsd</Extensions>
    </Filter>
    <Filter Include="Engine Files\Rendering\ImGui Files">
      <UniqueIdentifier>{4fc33164-9700-4514-8729-c8ebb606fafb}</UniqueIdentifier>
    </Filter>
    <Filter Include="Other Files\Resource Files">
      <UniqueIdentifier>{67DA6AB6-F800-4c08-8B7A-83BB121AAD01}</UniqueIdentifier>
      <Extensions>rc;ico;cur;bmp;dlg;rc2;rct;bin;rgs;gif;jpg;jpeg;jpe;resx;tiff;tif;png;wav;mfcribbon-ms</Extensions>
    </Filter>
    <Filter Include="Engine Files\ObserverPattern">
      <UniqueIdentifier>{ca836878-a400-41b6-9996-4a5b0c6bc9e7}</UniqueIdentifier>
    </Filter>
    <Filter Include="Engine Files\EventQueue">
      <UniqueIdentifier>{fcb9db0f-8587-4a64-8661-ba31a4f50bbd}</UniqueIdentifier>
    </Filter>
    <Filter Include="Engine Files\Input\Commands">
      <UniqueIdentifier>{b5032f86-69f0-4e66-a504-ebd2fda23f3f}</UniqueIdentifier>
    </Filter>
    <Filter Include="Engine Files\Navigation">
      <UniqueIdentifier>{7abe3203-ad72-4ab3-9fea-f007b1134da8}</UniqueIdentifier>
    </Filter>
    <Filter Include="Engine Files\Sound">
      <UniqueIdentifier>{5a7adf60-4f5c-43e4-8473-a6cc2004f56a}</UniqueIdentifier>
    </Filter>
    <Filter Include="Engine Files\ServiceLocator">
      <UniqueIdentifier>{cbd0bd3c-3fb1-4fb5-a255-298bd9dd7b38}</UniqueIdentifier>
    </Filter>
    <Filter Include="Engine Files\Logging">
      <UniqueIdentifier>{03474e04-546a-49d5-baa1-d4777d6f55f6}</UniqueIdentifier>
    </Filter>
  </ItemGroup>
  <ItemGroup>
    <ClInclude Include="Singleton.h">
      <Filter>Other Files</Filter>
    </ClInclude>
    <ClInclude Include="imstb_truetype.h">
      <Filter>Engine Files\Rendering\ImGui Files</Filter>
    </ClInclude>
    <ClInclude Include="imconfig.h">
      <Filter>Engine Files\Rendering\ImGui Files</Filter>
    </ClInclude>
    <ClInclude Include="imgui.h">
      <Filter>Engine Files\Rendering\ImGui Files</Filter>
    </ClInclude>
    <ClInclude Include="imgui_impl_opengl2.h">
      <Filter>Engine Files\Rendering\ImGui Files</Filter>
    </ClInclude>
    <ClInclude Include="imgui_impl_sdl2.h">
      <Filter>Engine Files\Rendering\ImGui Files</Filter>
    </ClInclude>
    <ClInclude Include="imgui_internal.h">
      <Filter>Engine Files\Rendering\ImGui Files</Filter>
    </ClInclude>
    <ClInclude Include="imstb_rectpack.h">
      <Filter>Engine Files\Rendering\ImGui Files</Filter>
    </ClInclude>
    <ClInclude Include="imstb_textedit.h">
      <Filter>Engine Files\Rendering\ImGui Files</Filter>
    </ClInclude>
    <ClInclude Include="GameObject.h">
      <Filter>Game Files</Filter>
    </ClInclude>
    <ClInclude Include="Scene.h">
      <Filter>Engine Files\Scene</Filter>
    </ClInclude>
    <ClInclude Include="SceneManager.h">
      <Filter>Engine Files\Scene</Filter>
    </ClInclude>
    <ClInclude Include="Renderer.h">
      <Filter>Engine Files\Rendering</Filter>
    </ClInclude>
    <ClInclude Include="Texture2D.h">
      <Filter>Engine Files\Rendering</Filter>
    </ClInclude>
    <ClInclude Include="Transform.h">
      <Filter>Game Files</Filter>
    </ClInclude>
    <ClInclude Include="Font.h">
      <Filter>Engine Files\Rendering</Filter>
    </ClInclude>
    <ClInclude Include="InputManager.h">
      <Filter>Engine Files\Input</Filter>
    </ClInclude>
    <ClInclude Include="Minigin.h">
      <Filter>Engine Files</Filter>
    </ClInclude>
    <ClInclude Include="imgui_plot.h">
      <Filter>Engine Files\Rendering\ImGui Files</Filter>
    </ClInclude>
    <ClInclude Include="ResourceManager.h">
      <Filter>Engine Files\Rendering</Filter>
    </ClInclude>
    <ClInclude Include="Controller.h">
      <Filter>Engine Files\Input</Filter>
    </ClInclude>
    <ClInclude Include="Keyboard.h">
      <Filter>Engine Files\Input</Filter>
    </ClInclude>
    <ClInclude Include="Subject.h">
      <Filter>Engine Files\ObserverPattern</Filter>
    </ClInclude>
    <ClInclude Include="Observer.h">
      <Filter>Engine Files\ObserverPattern</Filter>
    </ClInclude>
    <ClInclude Include="EventQueue.h">
      <Filter>Engine Files\EventQueue</Filter>
    </ClInclude>
    <ClInclude Include="EventListener.h">
      <Filter>Engine Files\EventQueue</Filter>
    </ClInclude>
    <ClInclude Include="QueueEvent.h">
      <Filter>Engine Files\EventQueue</Filter>
    </ClInclude>
    <ClInclude Include="EventManager.h">
      <Filter>Engine Files\EventQueue</Filter>
    </ClInclude>
    <ClInclude Include="Value2DCommand.h">
      <Filter>Engine Files\Input\Commands</Filter>
    </ClInclude>
    <ClInclude Include="Value1DCommand.h">
      <Filter>Engine Files\Input\Commands</Filter>
    </ClInclude>
    <ClInclude Include="Command.h">
      <Filter>Engine Files\Input\Commands</Filter>
    </ClInclude>
    <ClInclude Include="Component.h">
      <Filter>Game Files</Filter>
    </ClInclude>
    <ClInclude Include="NavigationNode.h">
      <Filter>Engine Files\Navigation</Filter>
    </ClInclude>
    <ClInclude Include="Direction.h">
      <Filter>Engine Files\Navigation</Filter>
    </ClInclude>
    <ClInclude Include="NavigationGrid.h">
      <Filter>Engine Files\Navigation</Filter>
    </ClInclude>
    <ClInclude Include="SDL_SoundSystem.h">
      <Filter>Engine Files\Sound</Filter>
    </ClInclude>
    <ClInclude Include="SoundSystem.h">
      <Filter>Engine Files\Sound</Filter>
    </ClInclude>
    <ClInclude Include="ServiceLocator.h">
      <Filter>Engine Files\ServiceLocator</Filter>
    </ClInclude>
    <ClInclude Include="LoggingSystem.h">
      <Filter>Engine Files\Logging</Filter>
    </ClInclude>
    <ClInclude Include="LoggingSoundSystem.h">
      <Filter>Engine Files\Logging</Filter>
    </ClInclude>
  </ItemGroup>
  <ItemGroup>
    <ClCompile Include="Minigin.cpp">
      <Filter>Engine Files</Filter>
    </ClCompile>
    <ClCompile Include="imgui.cpp">
      <Filter>Engine Files\Rendering\ImGui Files</Filter>
    </ClCompile>
    <ClCompile Include="imgui_demo.cpp">
      <Filter>Engine Files\Rendering\ImGui Files</Filter>
    </ClCompile>
    <ClCompile Include="imgui_draw.cpp">
      <Filter>Engine Files\Rendering\ImGui Files</Filter>
    </ClCompile>
    <ClCompile Include="imgui_impl_opengl2.cpp">
      <Filter>Engine Files\Rendering\ImGui Files</Filter>
    </ClCompile>
    <ClCompile Include="imgui_impl_sdl2.cpp">
      <Filter>Engine Files\Rendering\ImGui Files</Filter>
    </ClCompile>
    <ClCompile Include="imgui_tables.cpp">
      <Filter>Engine Files\Rendering\ImGui Files</Filter>
    </ClCompile>
    <ClCompile Include="imgui_widgets.cpp">
      <Filter>Engine Files\Rendering\ImGui Files</Filter>
    </ClCompile>
    <ClCompile Include="GameObject.cpp">
      <Filter>Game Files</Filter>
    </ClCompile>
    <ClCompile Include="InputManager.cpp">
      <Filter>Engine Files\Input</Filter>
    </ClCompile>
    <ClCompile Include="Font.cpp">
      <Filter>Engine Files\Rendering</Filter>
    </ClCompile>
    <ClCompile Include="Texture2D.cpp">
      <Filter>Engine Files\Rendering</Filter>
    </ClCompile>
    <ClCompile Include="Renderer.cpp">
      <Filter>Engine Files\Rendering</Filter>
    </ClCompile>
    <ClCompile Include="ResourceManager.cpp">
      <Filter>Engine Files\Rendering</Filter>
    </ClCompile>
    <ClCompile Include="Transform.cpp">
      <Filter>Game Files</Filter>
    </ClCompile>
    <ClCompile Include="Scene.cpp">
      <Filter>Engine Files\Scene</Filter>
    </ClCompile>
    <ClCompile Include="SceneManager.cpp">
      <Filter>Engine Files\Scene</Filter>
    </ClCompile>
    <ClCompile Include="imgui_plot.cpp">
      <Filter>Engine Files\Rendering\ImGui Files</Filter>
    </ClCompile>
    <ClCompile Include="Controller.cpp">
      <Filter>Engine Files\Input</Filter>
    </ClCompile>
    <ClCompile Include="Keyboard.cpp">
      <Filter>Engine Files\Input</Filter>
    </ClCompile>
    <ClCompile Include="Subject.cpp">
      <Filter>Engine Files\ObserverPattern</Filter>
    </ClCompile>
    <ClCompile Include="Observer.cpp">
      <Filter>Engine Files\ObserverPattern</Filter>
    </ClCompile>
    <ClCompile Include="EventQueue.cpp">
      <Filter>Engine Files\EventQueue</Filter>
    </ClCompile>
    <ClCompile Include="EventListener.cpp">
      <Filter>Engine Files\EventQueue</Filter>
    </ClCompile>
    <ClCompile Include="QueueEvent.cpp">
      <Filter>Engine Files\EventQueue</Filter>
    </ClCompile>
    <ClCompile Include="EventManager.cpp">
      <Filter>Engine Files\EventQueue</Filter>
    </ClCompile>
    <ClCompile Include="Value2DCommand.cpp">
      <Filter>Engine Files\Input\Commands</Filter>
    </ClCompile>
    <ClCompile Include="Command.cpp">
      <Filter>Engine Files\Input\Commands</Filter>
    </ClCompile>
    <ClCompile Include="Value1DCommand.cpp">
      <Filter>Engine Files\Input\Commands</Filter>
    </ClCompile>
    <ClCompile Include="Component.cpp">
      <Filter>Game Files</Filter>
    </ClCompile>
    <ClCompile Include="NavigationGrid.cpp">
      <Filter>Engine Files\Navigation</Filter>
    </ClCompile>
    <ClCompile Include="NavigationNode.cpp">
      <Filter>Engine Files\Navigation</Filter>
    </ClCompile>
    <ClCompile Include="SDL_SoundSystem.cpp">
      <Filter>Engine Files\Sound</Filter>
    </ClCompile>
    <ClCompile Include="SoundSystem.cpp">
      <Filter>Engine Files\Sound</Filter>
    </ClCompile>
    <ClCompile Include="ServiceLocator.cpp">
      <Filter>Engine Files\ServiceLocator</Filter>
    </ClCompile>
    <ClCompile Include="LoggingSystem.cpp">
      <Filter>Engine Files\Logging</Filter>
    </ClCompile>
    <ClCompile Include="LoggingSoundSystem.cpp">
      <Filter>Engine Files\Logging</Filter>
    </ClCompile>
  </ItemGroup>
</Project>