<?xml version="1.0" encoding="utf-8"?>
<Project ToolsVersion="4.0" xmlns="http://schemas.microsoft.com/developer/msbuild/2003">
  <ItemGroup>
    <Filter Include="Header Files">
      <UniqueIdentifier>{93995380-89BD-4b04-88EB-625FBE52EBFB}</UniqueIdentifier>
      <Extensions>h;hh;hpp;hxx;h++;hm;inl;inc;ipp;xsd</Extensions>
    </Filter>
    <Filter Include="Resource Files">
      <UniqueIdentifier>{67DA6AB6-F800-4c08-8B7A-83BB121AAD01}</UniqueIdentifier>
      <Extensions>rc;ico;cur;bmp;dlg;rc2;rct;bin;rgs;gif;jpg;jpeg;jpe;resx;tiff;tif;png;wav;mfcribbon-ms</Extensions>
    </Filter>
    <Filter Include="Components">
      <UniqueIdentifier>{18328d67-bfa6-4210-8edd-69ab0080cefb}</UniqueIdentifier>
    </Filter>
    <Filter Include="Systems">
      <UniqueIdentifier>{b4a9080d-12c1-4b4a-8dd3-05fe2064c553}</UniqueIdentifier>
    </Filter>
    <Filter Include="Events">
      <UniqueIdentifier>{e760d6dc-04f6-4aaa-887d-3e55e5d468b8}</UniqueIdentifier>
    </Filter>
    <Filter Include="Commands">
      <UniqueIdentifier>{1a3454ef-a126-41d8-b11b-9f5ac80ee3a7}</UniqueIdentifier>
    </Filter>
    <Filter Include="AI">
      <UniqueIdentifier>{11e3ca63-64d0-4b7a-b997-1f104d08b181}</UniqueIdentifier>
    </Filter>
    <Filter Include="Components\Exercises">
      <UniqueIdentifier>{5bc9e8a8-bd43-4938-944f-459b52e37c87}</UniqueIdentifier>
    </Filter>
    <Filter Include="Game Files">
      <UniqueIdentifier>{4FC737F1-C7A5-4376-A066-2A32D752A2FF}</UniqueIdentifier>
      <Extensions>cpp;c;cc;cxx;c++;cppm;ixx;def;odl;idl;hpj;bat;asm;asmx</Extensions>
    </Filter>
  </ItemGroup>
  <ItemGroup>
    <ClCompile Include="Bomberman.cpp">
      <Filter>Game Files</Filter>
    </ClCompile>
    <ClCompile Include="Exercises.cpp">
      <Filter>Game Files</Filter>
    </ClCompile>
    <ClCompile Include="BombComponent.cpp">
      <Filter>Components</Filter>
    </ClCompile>
    <ClCompile Include="PlayerComponent.cpp">
      <Filter>Components</Filter>
    </ClCompile>
    <ClCompile Include="StartInfoComponent.cpp">
      <Filter>Components</Filter>
    </ClCompile>
    <ClCompile Include="UpdatePosition1DCommand.cpp">
      <Filter>Commands</Filter>
    </ClCompile>
    <ClCompile Include="UpdatePosition2DCommand.cpp">
      <Filter>Commands</Filter>
    </ClCompile>
    <ClCompile Include="UpdatePositionCommand.cpp">
      <Filter>Commands</Filter>
    </ClCompile>
    <ClCompile Include="SetPositionCommand.cpp">
      <Filter>Commands</Filter>
    </ClCompile>
    <ClCompile Include="PlaceBombCommand.cpp">
      <Filter>Commands</Filter>
    </ClCompile>
    <ClCompile Include="BombExplodedEvent.cpp">
      <Filter>Events</Filter>
    </ClCompile>
    <ClCompile Include="GainedPointEvent.cpp">
      <Filter>Events</Filter>
    </ClCompile>
    <ClCompile Include="DeathEvent.cpp">
      <Filter>Events</Filter>
    </ClCompile>
    <ClCompile Include="ScoreComponent.cpp">
      <Filter>Components</Filter>
    </ClCompile>
    <ClCompile Include="LivesComponent.cpp">
      <Filter>Components</Filter>
    </ClCompile>
    <ClCompile Include="ScoresManager.cpp">
      <Filter>Systems</Filter>
    </ClCompile>
    <ClCompile Include="AIComponent.cpp">
      <Filter>AI</Filter>
    </ClCompile>
    <ClCompile Include="GridMovementCommand.cpp">
      <Filter>Commands</Filter>
    </ClCompile>
    <ClCompile Include="ExplosionComponent.cpp">
      <Filter>Components</Filter>
    </ClCompile>
    <ClCompile Include="BlockingComponent.cpp">
      <Filter>Components</Filter>
    </ClCompile>
    <ClCompile Include="AIWalkCommand.cpp">
      <Filter>AI</Filter>
    </ClCompile>
    <ClCompile Include="CombinedGraphComponent.cpp">
      <Filter>Components\Exercises</Filter>
    </ClCompile>
    <ClCompile Include="FPSComponent.cpp">
      <Filter>Components\Exercises</Filter>
    </ClCompile>
    <ClCompile Include="GraphComponent.cpp">
      <Filter>Components\Exercises</Filter>
    </ClCompile>
    <ClCompile Include="RotatorComponent.cpp">
      <Filter>Components\Exercises</Filter>
    </ClCompile>
    <ClCompile Include="EnemyComponent.cpp">
      <Filter>Components</Filter>
    </ClCompile>
  </ItemGroup>
  <ItemGroup>
    <ClInclude Include="BombComponent.h">
      <Filter>Components</Filter>
    </ClInclude>
    <ClInclude Include="PlayerComponent.h">
      <Filter>Components</Filter>
    </ClInclude>
    <ClInclude Include="StartInfoComponent.h">
      <Filter>Components</Filter>
    </ClInclude>
    <ClInclude Include="ScoreComponent.h">
      <Filter>Components</Filter>
    </ClInclude>
    <ClInclude Include="BombExplodedEvent.h">
      <Filter>Events</Filter>
    </ClInclude>
    <ClInclude Include="GainedPointEvent.h">
      <Filter>Events</Filter>
    </ClInclude>
    <ClInclude Include="DeathEvent.h">
      <Filter>Events</Filter>
    </ClInclude>
    <ClInclude Include="SetPositionCommand.h">
      <Filter>Commands</Filter>
    </ClInclude>
    <ClInclude Include="PlaceBombCommand.h">
      <Filter>Commands</Filter>
    </ClInclude>
    <ClInclude Include="UpdatePosition1DCommand.h">
      <Filter>Commands</Filter>
    </ClInclude>
    <ClInclude Include="UpdatePosition2DCommand.h">
      <Filter>Commands</Filter>
    </ClInclude>
    <ClInclude Include="UpdatePositionCommand.h">
      <Filter>Commands</Filter>
    </ClInclude>
    <ClInclude Include="LivesComponent.h">
      <Filter>Components</Filter>
    </ClInclude>
    <ClInclude Include="ScoresManager.h">
      <Filter>Systems</Filter>
    </ClInclude>
    <ClInclude Include="AIComponent.h">
      <Filter>AI</Filter>
    </ClInclude>
    <ClInclude Include="GridMovementCommand.h">
      <Filter>Commands</Filter>
    </ClInclude>
    <ClInclude Include="ExplosionComponent.h">
      <Filter>Components</Filter>
    </ClInclude>
    <ClInclude Include="BlockingComponent.h">
      <Filter>Components</Filter>
    </ClInclude>
    <ClInclude Include="AIWalkCommand.h">
      <Filter>AI</Filter>
    </ClInclude>
    <ClInclude Include="CombinedGraphComponent.h">
      <Filter>Components\Exercises</Filter>
    </ClInclude>
    <ClInclude Include="FPSComponent.h">
      <Filter>Components\Exercises</Filter>
    </ClInclude>
    <ClInclude Include="GraphComponent.h">
      <Filter>Components\Exercises</Filter>
    </ClInclude>
    <ClInclude Include="RotatorComponent.h">
      <Filter>Components\Exercises</Filter>
    </ClInclude>
    <ClInclude Include="EnemyComponent.h">
      <Filter>Components</Filter>
    </ClInclude>
  </ItemGroup>
  <ItemGroup>
    <None Include="imgui.ini" />
  </ItemGroup>
</Project>